{
  "version": 4,
  "terraform_version": "1.1.4",
  "serial": 45,
  "lineage": "c3d2d34e-32b8-56ea-038a-c3af93ead093",
  "outputs": {},
  "resources": [
    {
      "mode": "managed",
      "type": "google_compute_firewall",
      "name": "ssh-rule",
      "provider": "provider[\"registry.terraform.io/hashicorp/google\"]",
      "instances": [
        {
          "schema_version": 1,
          "attributes": {
            "allow": [
              {
                "ports": [
                  "80",
                  "22",
                  "8080",
                  "1000-2000"
                ],
                "protocol": "tcp"
              },
              {
                "ports": [],
                "protocol": "icmp"
              }
            ],
            "creation_timestamp": "2022-01-26T14:16:32.263-08:00",
            "deny": [],
            "description": "",
            "destination_ranges": [],
            "direction": "INGRESS",
            "disabled": false,
            "enable_logging": null,
            "id": "projects/tu-csb/global/firewalls/mdb-ssh1",
            "log_config": [],
            "name": "mdb-ssh1",
            "network": "https://www.googleapis.com/compute/v1/projects/tu-csb/global/networks/default",
            "priority": 1000,
            "project": "tu-csb",
            "self_link": "https://www.googleapis.com/compute/v1/projects/tu-csb/global/firewalls/mdb-ssh1",
            "source_ranges": [
              "0.0.0.0/0"
            ],
            "source_service_accounts": [],
            "source_tags": [],
            "target_service_accounts": [],
            "target_tags": [
              "mdb-server"
            ],
            "timeouts": null
          },
          "sensitive_attributes": [],
          "private": "eyJlMmJmYjczMC1lY2FhLTExZTYtOGY4OC0zNDM2M2JjN2M0YzAiOnsiY3JlYXRlIjoyNDAwMDAwMDAwMDAsImRlbGV0ZSI6MjQwMDAwMDAwMDAwLCJ1cGRhdGUiOjI0MDAwMDAwMDAwMH0sInNjaGVtYV92ZXJzaW9uIjoiMSJ9"
        }
      ]
    },
    {
      "mode": "managed",
      "type": "google_compute_instance",
      "name": "default1",
      "provider": "provider[\"registry.terraform.io/hashicorp/google\"]",
      "instances": [
        {
          "index_key": 0,
          "schema_version": 6,
          "attributes": {
            "advanced_machine_features": [],
            "allow_stopping_for_update": null,
            "attached_disk": [],
            "boot_disk": [
              {
                "auto_delete": true,
                "device_name": "persistent-disk-0",
                "disk_encryption_key_raw": "",
                "disk_encryption_key_sha256": "",
                "initialize_params": [
                  {
                    "image": "https://www.googleapis.com/compute/v1/projects/ubuntu-os-cloud/global/images/ubuntu-1804-bionic-v20220126",
                    "labels": {},
                    "size": 10,
                    "type": "pd-standard"
                  }
                ],
                "kms_key_self_link": "",
                "mode": "READ_WRITE",
                "source": "https://www.googleapis.com/compute/v1/projects/tu-csb/zones/europe-west3-a/disks/server-vm-0"
              }
            ],
            "can_ip_forward": false,
            "confidential_instance_config": [],
            "cpu_platform": "Intel Broadwell",
            "current_status": "RUNNING",
            "deletion_protection": false,
            "description": "",
            "desired_status": null,
            "enable_display": false,
            "guest_accelerator": [],
            "hostname": "",
            "id": "projects/tu-csb/zones/europe-west3-a/instances/server-vm-0",
            "instance_id": "3466018424736216750",
            "label_fingerprint": "42WmSpB8rSM=",
            "labels": {},
            "machine_type": "e2-standard-2",
            "metadata": {
              "ssh-keys": "michaelkora:ssh-rsa AAAAB3NzaC1yc2EAAAADAQABAAACAQDtkOZzptSachwFqUp2lbbGLIDvs9HPEVSx6/hlvYl6m7HGeEkSNk4yWDqBRRhKZfJhCvGOeR3jPC99YFA6FWpA7EPVSppuu0ZGzcOiCGDNDjDF1shh55qqfEMNkK6L9swzDTN/QF7Ehr/L31dAUH6MqizW9yEXWPE3nBAz23+IDNoTsANSFO70AsbhqBhPIHbHmbywdF8O3eqzF/1XTeZHtz2Jy44bgyIeBlJC5qo9Xfbe5VFbBO6hSIlmmvHB2Ue3mZw1cU/Dpv4aMeRCpHEZR0k3JunUc5v/phVxduLmg8n17mx//JZ2py4nqLLZtiqcFzC+WSfCierPmhfNLKnvxKzqIdrR2jWFSCeOebAZ7ORZvkc3NbPFTo2Dcda4qDza2GXYZrCJ80E8OQgCmJYWgwVs3BNi6Og+ipkSPK/CmbWhQX39+q1I+xm6lBhba1L2yP6YRGhU32+Y6XbprfqiOnphjUZ+lWkgEybwZOlNnkuWgr+9zA+56XbKihU5v8+YeQ0TTfRrSX5SvfcAQfmx/lAEBH/XMO+uWpA9Pdk1wEsc0IW8ua4aGG976jUdcUghAu1MK5nr9M/03h8DNCt2MEJYftpMAwewOiNJ9CQls2pgUrVPBq48jBTTMmMJlhaAhpGT/maFXW7y0qNkOJR27SB6sOJm0QE6qd0s1WkiqQ== akimby@akimby-VirtualBox\n"
            },
            "metadata_fingerprint": "HNfnJdUMuOs=",
            "metadata_startup_script": "sudo apt-get update; sudo apt-get install -yq build-essential python-pip rsync; pip install flask",
            "min_cpu_platform": "",
            "name": "server-vm-0",
            "network_interface": [
              {
                "access_config": [
                  {
                    "nat_ip": "34.159.98.79",
                    "network_tier": "PREMIUM",
                    "public_ptr_domain_name": ""
                  }
                ],
                "alias_ip_range": [],
                "ipv6_access_config": [],
                "ipv6_access_type": "",
                "name": "nic0",
                "network": "https://www.googleapis.com/compute/v1/projects/tu-csb/global/networks/default",
                "network_ip": "10.156.0.8",
                "nic_type": "",
                "queue_count": 0,
                "stack_type": "IPV4_ONLY",
                "subnetwork": "https://www.googleapis.com/compute/v1/projects/tu-csb/regions/europe-west3/subnetworks/default",
                "subnetwork_project": "tu-csb"
              }
            ],
            "project": "tu-csb",
            "reservation_affinity": [],
            "resource_policies": [],
            "scheduling": [
              {
                "automatic_restart": true,
                "min_node_cpus": 0,
                "node_affinities": [],
                "on_host_maintenance": "MIGRATE",
                "preemptible": false
              }
            ],
            "scratch_disk": [],
            "self_link": "https://www.googleapis.com/compute/v1/projects/tu-csb/zones/europe-west3-a/instances/server-vm-0",
            "service_account": [],
            "shielded_instance_config": [
              {
                "enable_integrity_monitoring": true,
                "enable_secure_boot": false,
                "enable_vtpm": true
              }
            ],
            "tags": [
              "mdb-ssh1"
            ],
            "tags_fingerprint": "hBH2rvPFQjQ=",
            "timeouts": null,
            "zone": "europe-west3-a"
          },
          "sensitive_attributes": [],
          "private": "eyJlMmJmYjczMC1lY2FhLTExZTYtOGY4OC0zNDM2M2JjN2M0YzAiOnsiY3JlYXRlIjoxMjAwMDAwMDAwMDAwLCJkZWxldGUiOjEyMDAwMDAwMDAwMDAsInVwZGF0ZSI6MTIwMDAwMDAwMDAwMH0sInNjaGVtYV92ZXJzaW9uIjoiNiJ9"
        }
      ]
    },
    {
      "mode": "managed",
      "type": "random_id",
      "name": "instance_id",
      "provider": "provider[\"registry.terraform.io/hashicorp/random\"]",
      "instances": [
        {
          "schema_version": 0,
          "attributes": {
            "b64_std": "IJO48zTEyI0=",
            "b64_url": "IJO48zTEyI0",
            "byte_length": 8,
            "dec": "2347423185492035725",
            "hex": "2093b8f334c4c88d",
            "id": "IJO48zTEyI0",
            "keepers": null,
            "prefix": null
          },
          "sensitive_attributes": [],
          "private": "bnVsbA=="
        }
      ]
    }
  ]
}
